
Microsoft Visual Studio Solution File, Format Version 12.00
# Visual Studio Version 16
VisualStudioVersion = 16.0.28803.202
MinimumVisualStudioVersion = 10.0.40219.1
Project("{FAE04EC0-301F-11D3-BF4B-00C04F79EFBC}") = "GAT_Produkcja.UI", "GAT_Produkcja\GAT_Produkcja.UI.csproj", "{DB6F7429-65E5-41C7-8925-87E1569378DE}"
EndProject
Project("{FAE04EC0-301F-11D3-BF4B-00C04F79EFBC}") = "GAT_Produkcja.db", "GAT_Produkcja.db\GAT_Produkcja.db.csproj", "{ADFFB0E2-06D8-4BE6-8A88-8FAB32D7D669}"
EndProject
Project("{FAE04EC0-301F-11D3-BF4B-00C04F79EFBC}") = "GAT_Produkcja.Tests", "GAT_Produkcja.Tests\GAT_Produkcja.Tests.csproj", "{F6498C71-262B-4BF5-A124-834A0DBDADD8}"
EndProject
Project("{FAE04EC0-301F-11D3-BF4B-00C04F79EFBC}") = "GAT_Produkcja.dbMsAccess", "GAT_Produkcja.dbMsAccess\GAT_Produkcja.dbMsAccess.csproj", "{D30B254E-4B2B-4300-B796-A99603665C47}"
EndProject
Project("{FAE04EC0-301F-11D3-BF4B-00C04F79EFBC}") = "GAT_Produkcja.dbMsAcces.Tests", "GAT_Produkcja.dbMsAcces.Tests\GAT_Produkcja.dbMsAcces.Tests.csproj", "{45CE651E-1009-4018-9F8A-0D36EDFF271D}"
EndProject
Project("{FAE04EC0-301F-11D3-BF4B-00C04F79EFBC}") = "GAT_Produkcja.dbComarch", "GAT_Produkcja.dbComarch\GAT_Produkcja.dbComarch.csproj", "{75465B36-E1F7-433C-BB3E-2612AE46FD2F}"
EndProject
Project("{FAE04EC0-301F-11D3-BF4B-00C04F79EFBC}") = "GAT_Produkcja.db.Tests", "GAT_Produkcja.db.Tests\GAT_Produkcja.db.Tests.csproj", "{DD1C9FFF-B2D4-4878-AEE1-7E3E067127EF}"
EndProject
Project("{FAE04EC0-301F-11D3-BF4B-00C04F79EFBC}") = "GAT_Produkcja.dbComarch.Tests", "GAT_Produkcja.dbComarch.Tests\GAT_Produkcja.dbComarch.Tests.csproj", "{2F00B547-3727-4FD2-8E56-A2EDBB3C1F4E}"
EndProject
Global
	GlobalSection(SolutionConfigurationPlatforms) = preSolution
		Debug|Any CPU = Debug|Any CPU
		Release|Any CPU = Release|Any CPU
	EndGlobalSection
	GlobalSection(ProjectConfigurationPlatforms) = postSolution
		{DB6F7429-65E5-41C7-8925-87E1569378DE}.Debug|Any CPU.ActiveCfg = Debug|Any CPU
		{DB6F7429-65E5-41C7-8925-87E1569378DE}.Debug|Any CPU.Build.0 = Debug|Any CPU
		{DB6F7429-65E5-41C7-8925-87E1569378DE}.Release|Any CPU.ActiveCfg = Release|Any CPU
		{DB6F7429-65E5-41C7-8925-87E1569378DE}.Release|Any CPU.Build.0 = Release|Any CPU
		{ADFFB0E2-06D8-4BE6-8A88-8FAB32D7D669}.Debug|Any CPU.ActiveCfg = Debug|Any CPU
		{ADFFB0E2-06D8-4BE6-8A88-8FAB32D7D669}.Debug|Any CPU.Build.0 = Debug|Any CPU
		{ADFFB0E2-06D8-4BE6-8A88-8FAB32D7D669}.Release|Any CPU.ActiveCfg = Release|Any CPU
		{ADFFB0E2-06D8-4BE6-8A88-8FAB32D7D669}.Release|Any CPU.Build.0 = Release|Any CPU
		{F6498C71-262B-4BF5-A124-834A0DBDADD8}.Debug|Any CPU.ActiveCfg = Debug|Any CPU
		{F6498C71-262B-4BF5-A124-834A0DBDADD8}.Debug|Any CPU.Build.0 = Debug|Any CPU
		{F6498C71-262B-4BF5-A124-834A0DBDADD8}.Release|Any CPU.ActiveCfg = Release|Any CPU
		{F6498C71-262B-4BF5-A124-834A0DBDADD8}.Release|Any CPU.Build.0 = Release|Any CPU
		{D30B254E-4B2B-4300-B796-A99603665C47}.Debug|Any CPU.ActiveCfg = Debug|Any CPU
		{D30B254E-4B2B-4300-B796-A99603665C47}.Debug|Any CPU.Build.0 = Debug|Any CPU
		{D30B254E-4B2B-4300-B796-A99603665C47}.Release|Any CPU.ActiveCfg = Release|Any CPU
		{D30B254E-4B2B-4300-B796-A99603665C47}.Release|Any CPU.Build.0 = Release|Any CPU
		{45CE651E-1009-4018-9F8A-0D36EDFF271D}.Debug|Any CPU.ActiveCfg = Debug|Any CPU
		{45CE651E-1009-4018-9F8A-0D36EDFF271D}.Debug|Any CPU.Build.0 = Debug|Any CPU
		{45CE651E-1009-4018-9F8A-0D36EDFF271D}.Release|Any CPU.ActiveCfg = Release|Any CPU
		{45CE651E-1009-4018-9F8A-0D36EDFF271D}.Release|Any CPU.Build.0 = Release|Any CPU
		{75465B36-E1F7-433C-BB3E-2612AE46FD2F}.Debug|Any CPU.ActiveCfg = Debug|Any CPU
		{75465B36-E1F7-433C-BB3E-2612AE46FD2F}.Debug|Any CPU.Build.0 = Debug|Any CPU
		{75465B36-E1F7-433C-BB3E-2612AE46FD2F}.Release|Any CPU.ActiveCfg = Release|Any CPU
		{75465B36-E1F7-433C-BB3E-2612AE46FD2F}.Release|Any CPU.Build.0 = Release|Any CPU
		{DD1C9FFF-B2D4-4878-AEE1-7E3E067127EF}.Debug|Any CPU.ActiveCfg = Debug|Any CPU
		{DD1C9FFF-B2D4-4878-AEE1-7E3E067127EF}.Debug|Any CPU.Build.0 = Debug|Any CPU
		{DD1C9FFF-B2D4-4878-AEE1-7E3E067127EF}.Release|Any CPU.ActiveCfg = Release|Any CPU
		{DD1C9FFF-B2D4-4878-AEE1-7E3E067127EF}.Release|Any CPU.Build.0 = Release|Any CPU
		{2F00B547-3727-4FD2-8E56-A2EDBB3C1F4E}.Debug|Any CPU.ActiveCfg = Debug|Any CPU
		{2F00B547-3727-4FD2-8E56-A2EDBB3C1F4E}.Debug|Any CPU.Build.0 = Debug|Any CPU
		{2F00B547-3727-4FD2-8E56-A2EDBB3C1F4E}.Release|Any CPU.ActiveCfg = Release|Any CPU
		{2F00B547-3727-4FD2-8E56-A2EDBB3C1F4E}.Release|Any CPU.Build.0 = Release|Any CPU
	EndGlobalSection
	GlobalSection(SolutionProperties) = preSolution
		HideSolutionNode = FALSE
	EndGlobalSection
	GlobalSection(ExtensibilityGlobals) = postSolution
		SolutionGuid = {3DD160FA-1D28-42F4-9B19-A974FD861A07}
	EndGlobalSection
EndGlobal
